
Microsoft Visual Studio Solution File, Format Version 12.00
# Visual Studio Version 16
VisualStudioVersion = 16.0.30503.244
MinimumVisualStudioVersion = 10.0.40219.1
Project("{FAE04EC0-301F-11D3-BF4B-00C04F79EFBC}") = "NumberGuessingGui", "NumberGuessingGui\NumberGuessingGui.csproj", "{3BB85135-131E-41C3-BCD2-9F5711397917}"
	ProjectSection(ProjectDependencies) = postProject
		{9DACA4DE-90EF-40E2-AF2E-593052FCDEBA} = {9DACA4DE-90EF-40E2-AF2E-593052FCDEBA}
	EndProjectSection
EndProject
Project("{FAE04EC0-301F-11D3-BF4B-00C04F79EFBC}") = "NumberGuessing", "NumberGuessing\NumberGuessing.csproj", "{9DACA4DE-90EF-40E2-AF2E-593052FCDEBA}"
EndProject
Global
	GlobalSection(SolutionConfigurationPlatforms) = preSolution
		Debug|Any CPU = Debug|Any CPU
		Release|Any CPU = Release|Any CPU
	EndGlobalSection
	GlobalSection(ProjectConfigurationPlatforms) = postSolution
		{3BB85135-131E-41C3-BCD2-9F5711397917}.Debug|Any CPU.ActiveCfg = Debug|Any CPU
		{3BB85135-131E-41C3-BCD2-9F5711397917}.Debug|Any CPU.Build.0 = Debug|Any CPU
		{3BB85135-131E-41C3-BCD2-9F5711397917}.Release|Any CPU.ActiveCfg = Release|Any CPU
		{3BB85135-131E-41C3-BCD2-9F5711397917}.Release|Any CPU.Build.0 = Release|Any CPU
		{9DACA4DE-90EF-40E2-AF2E-593052FCDEBA}.Debug|Any CPU.ActiveCfg = Debug|Any CPU
		{9DACA4DE-90EF-40E2-AF2E-593052FCDEBA}.Debug|Any CPU.Build.0 = Debug|Any CPU
		{9DACA4DE-90EF-40E2-AF2E-593052FCDEBA}.Release|Any CPU.ActiveCfg = Release|Any CPU
		{9DACA4DE-90EF-40E2-AF2E-593052FCDEBA}.Release|Any CPU.Build.0 = Release|Any CPU
	EndGlobalSection
	GlobalSection(SolutionProperties) = preSolution
		HideSolutionNode = FALSE
	EndGlobalSection
	GlobalSection(ExtensibilityGlobals) = postSolution
		SolutionGuid = {99DE756B-BDD1-4DED-937F-F9B5D33682B2}
	EndGlobalSection
EndGlobal
